
Microsoft Visual Studio Solution File, Format Version 12.00
Project("{FAE04EC0-301F-11D3-BF4B-00C04F79EFBC}") = "AsyncPhilosophers", "AsyncPhilosophers\AsyncPhilosophers.csproj", "{F132D4C1-FFBB-4E9B-B3FF-C0B66CE15E48}"
EndProject
Project("{FAE04EC0-301F-11D3-BF4B-00C04F79EFBC}") = "AsyncMatrixMultiplication", "AsyncMatrixMultiplication\AsyncMatrixMultiplication.csproj", "{4D19755F-DA3C-4462-9469-2659E2AFBF01}"
EndProject
Project("{FAE04EC0-301F-11D3-BF4B-00C04F79EFBC}") = "AsyncIntegralDecision", "AsyncIntegralDecision\AsyncIntegralDecision.csproj", "{FF4C58E2-5F88-4EBB-8339-7642DCAAD105}"
EndProject
Project("{FAE04EC0-301F-11D3-BF4B-00C04F79EFBC}") = "AsyncIntegralDecisionRecursive", "AsyncIntegralDecisionRecursive\AsyncIntegralDecisionRecursive.csproj", "{C801FD01-2449-417C-A27A-B32139DA09C3}"
EndProject
Global
	GlobalSection(SolutionConfigurationPlatforms) = preSolution
		Debug|Any CPU = Debug|Any CPU
		Release|Any CPU = Release|Any CPU
	EndGlobalSection
	GlobalSection(ProjectConfigurationPlatforms) = postSolution
		{F132D4C1-FFBB-4E9B-B3FF-C0B66CE15E48}.Debug|Any CPU.ActiveCfg = Debug|Any CPU
		{F132D4C1-FFBB-4E9B-B3FF-C0B66CE15E48}.Debug|Any CPU.Build.0 = Debug|Any CPU
		{F132D4C1-FFBB-4E9B-B3FF-C0B66CE15E48}.Release|Any CPU.ActiveCfg = Release|Any CPU
		{F132D4C1-FFBB-4E9B-B3FF-C0B66CE15E48}.Release|Any CPU.Build.0 = Release|Any CPU
		{4D19755F-DA3C-4462-9469-2659E2AFBF01}.Debug|Any CPU.ActiveCfg = Debug|Any CPU
		{4D19755F-DA3C-4462-9469-2659E2AFBF01}.Debug|Any CPU.Build.0 = Debug|Any CPU
		{4D19755F-DA3C-4462-9469-2659E2AFBF01}.Release|Any CPU.ActiveCfg = Release|Any CPU
		{4D19755F-DA3C-4462-9469-2659E2AFBF01}.Release|Any CPU.Build.0 = Release|Any CPU
		{FF4C58E2-5F88-4EBB-8339-7642DCAAD105}.Debug|Any CPU.ActiveCfg = Debug|Any CPU
		{FF4C58E2-5F88-4EBB-8339-7642DCAAD105}.Debug|Any CPU.Build.0 = Debug|Any CPU
		{FF4C58E2-5F88-4EBB-8339-7642DCAAD105}.Release|Any CPU.ActiveCfg = Release|Any CPU
		{FF4C58E2-5F88-4EBB-8339-7642DCAAD105}.Release|Any CPU.Build.0 = Release|Any CPU
		{C801FD01-2449-417C-A27A-B32139DA09C3}.Debug|Any CPU.ActiveCfg = Debug|Any CPU
		{C801FD01-2449-417C-A27A-B32139DA09C3}.Debug|Any CPU.Build.0 = Debug|Any CPU
		{C801FD01-2449-417C-A27A-B32139DA09C3}.Release|Any CPU.ActiveCfg = Release|Any CPU
		{C801FD01-2449-417C-A27A-B32139DA09C3}.Release|Any CPU.Build.0 = Release|Any CPU
	EndGlobalSection
	GlobalSection(NestedProjects) = preSolution
	EndGlobalSection
EndGlobal
